
Microsoft Visual Studio Solution File, Format Version 12.00
# Visual Studio Version 16
VisualStudioVersion = 16.0.31702.278
MinimumVisualStudioVersion = 10.0.40219.1
Project("{9A19103F-16F7-4668-BE54-9A1E7A4F7556}") = "WorkforceManagement.WEB", "WorkforceManagement.WEB.csproj", "{3CE67B04-73D6-45D1-87CD-4C2C10AA3B1C}"
EndProject
Project("{FAE04EC0-301F-11D3-BF4B-00C04F79EFBC}") = "WorkforceManagement.DAL", "..\WorkforceManagement.DAL\WorkforceManagement.DAL.csproj", "{DD0EA776-588E-40A5-912C-8920807E7F6F}"
EndProject
Global
	GlobalSection(SolutionConfigurationPlatforms) = preSolution
		Debug|Any CPU = Debug|Any CPU
		Release|Any CPU = Release|Any CPU
	EndGlobalSection
	GlobalSection(ProjectConfigurationPlatforms) = postSolution
		{3CE67B04-73D6-45D1-87CD-4C2C10AA3B1C}.Debug|Any CPU.ActiveCfg = Debug|Any CPU
		{3CE67B04-73D6-45D1-87CD-4C2C10AA3B1C}.Debug|Any CPU.Build.0 = Debug|Any CPU
		{3CE67B04-73D6-45D1-87CD-4C2C10AA3B1C}.Release|Any CPU.ActiveCfg = Release|Any CPU
		{3CE67B04-73D6-45D1-87CD-4C2C10AA3B1C}.Release|Any CPU.Build.0 = Release|Any CPU
		{DD0EA776-588E-40A5-912C-8920807E7F6F}.Debug|Any CPU.ActiveCfg = Debug|Any CPU
		{DD0EA776-588E-40A5-912C-8920807E7F6F}.Debug|Any CPU.Build.0 = Debug|Any CPU
		{DD0EA776-588E-40A5-912C-8920807E7F6F}.Release|Any CPU.ActiveCfg = Release|Any CPU
		{DD0EA776-588E-40A5-912C-8920807E7F6F}.Release|Any CPU.Build.0 = Release|Any CPU
	EndGlobalSection
	GlobalSection(SolutionProperties) = preSolution
		HideSolutionNode = FALSE
	EndGlobalSection
	GlobalSection(ExtensibilityGlobals) = postSolution
		SolutionGuid = {C55EF02B-4352-4278-BCFD-F9239D2FDB9A}
	EndGlobalSection
EndGlobal
