
Microsoft Visual Studio Solution File, Format Version 12.00
# Visual Studio Version 16
VisualStudioVersion = 16.0.31702.278
MinimumVisualStudioVersion = 10.0.40219.1
Project("{FAE04EC0-301F-11D3-BF4B-00C04F79EFBC}") = "WorkforceManagement.WEB", "WorkforceManagement.WEB.csproj", "{3CE67B04-73D6-45D1-87CD-4C2C10AA3B1C}"
EndProject
Global
	GlobalSection(SolutionConfigurationPlatforms) = preSolution
		Debug|Any CPU = Debug|Any CPU
		Release|Any CPU = Release|Any CPU
	EndGlobalSection
	GlobalSection(ProjectConfigurationPlatforms) = postSolution
		{3CE67B04-73D6-45D1-87CD-4C2C10AA3B1C}.Debug|Any CPU.ActiveCfg = Debug|Any CPU
		{3CE67B04-73D6-45D1-87CD-4C2C10AA3B1C}.Debug|Any CPU.Build.0 = Debug|Any CPU
		{3CE67B04-73D6-45D1-87CD-4C2C10AA3B1C}.Release|Any CPU.ActiveCfg = Release|Any CPU
		{3CE67B04-73D6-45D1-87CD-4C2C10AA3B1C}.Release|Any CPU.Build.0 = Release|Any CPU
	EndGlobalSection
	GlobalSection(SolutionProperties) = preSolution
		HideSolutionNode = FALSE
	EndGlobalSection
	GlobalSection(ExtensibilityGlobals) = postSolution
		SolutionGuid = {C55EF02B-4352-4278-BCFD-F9239D2FDB9A}
	EndGlobalSection
EndGlobal
